
Microsoft Visual Studio Solution File, Format Version 12.00
Project("{2150E333-8FDC-42A3-9474-1A3956D46DE8}") = "src", "src", "{0CB13459-E603-498F-BA29-0BD7665D1198}"
EndProject
Project("{2150E333-8FDC-42A3-9474-1A3956D46DE8}") = "tests", "tests", "{1FF28EA6-92BD-4EF9-8AA1-341ADD7D8A53}"
EndProject
Project("{2150E333-8FDC-42A3-9474-1A3956D46DE8}") = "Backend", "Backend", "{EEB993DB-3DC1-44DF-8101-AA1C5E9D7D5B}"
EndProject
Project("{FAE04EC0-301F-11D3-BF4B-00C04F79EFBC}") = "Pliromi.Application", "src\Backend\Pliromi.Application\Pliromi.Application.csproj", "{2D4AB671-897F-44E3-9633-7658746A9FE0}"
EndProject
Project("{FAE04EC0-301F-11D3-BF4B-00C04F79EFBC}") = "Pliromi.Domain", "src\Backend\Pliromi.Domain\Pliromi.Domain.csproj", "{5D470C34-5484-4500-BF6F-C8835D14E5E1}"
EndProject
Project("{FAE04EC0-301F-11D3-BF4B-00C04F79EFBC}") = "Pliromi.Infrastructure", "src\Backend\Pliromi.Infrastructure\Pliromi.Infrastructure.csproj", "{7949C9EF-0DA1-4C4B-831E-EC65787921D2}"
EndProject
Project("{2150E333-8FDC-42A3-9474-1A3956D46DE8}") = "Shared", "Shared", "{D6447E9F-C3FD-46FB-A165-D82A1AF64B39}"
EndProject
Project("{FAE04EC0-301F-11D3-BF4B-00C04F79EFBC}") = "Communication", "src\Shared\Communication\Communication.csproj", "{DA864C41-061E-49E9-8211-8D6E73E779A9}"
EndProject
Project("{FAE04EC0-301F-11D3-BF4B-00C04F79EFBC}") = "Exceptions", "src\Shared\Exceptions\Exceptions.csproj", "{239319E0-CDD7-47B2-803E-A02A90105633}"
EndProject
Project("{FAE04EC0-301F-11D3-BF4B-00C04F79EFBC}") = "Pliromi.API", "src\Backend\Pliromi.API\Pliromi.API.csproj", "{8D490F95-32CB-4211-8FAA-B161AF6AFC92}"
EndProject
Project("{FAE04EC0-301F-11D3-BF4B-00C04F79EFBC}") = "CommonTestUtilities", "tests\CommonTestUtilities\CommonTestUtilities.csproj", "{796F1C4C-CA14-4B59-8407-AA5219F9AEAB}"
EndProject
Project("{FAE04EC0-301F-11D3-BF4B-00C04F79EFBC}") = "UseCases.Test", "tests\UseCases.Test\UseCases.Test.csproj", "{2CEFAD63-BA9B-47CA-9D67-E2BD4125B447}"
EndProject
Project("{FAE04EC0-301F-11D3-BF4B-00C04F79EFBC}") = "WebApi.Test", "tests\WebApi.Test\WebApi.Test.csproj", "{C17E2D3D-65EF-46EF-81B4-671583139926}"
EndProject
Global
	GlobalSection(SolutionConfigurationPlatforms) = preSolution
		Debug|Any CPU = Debug|Any CPU
		Release|Any CPU = Release|Any CPU
	EndGlobalSection
	GlobalSection(NestedProjects) = preSolution
		{EEB993DB-3DC1-44DF-8101-AA1C5E9D7D5B} = {0CB13459-E603-498F-BA29-0BD7665D1198}
		{2D4AB671-897F-44E3-9633-7658746A9FE0} = {EEB993DB-3DC1-44DF-8101-AA1C5E9D7D5B}
		{5D470C34-5484-4500-BF6F-C8835D14E5E1} = {EEB993DB-3DC1-44DF-8101-AA1C5E9D7D5B}
		{7949C9EF-0DA1-4C4B-831E-EC65787921D2} = {EEB993DB-3DC1-44DF-8101-AA1C5E9D7D5B}
		{D6447E9F-C3FD-46FB-A165-D82A1AF64B39} = {0CB13459-E603-498F-BA29-0BD7665D1198}
		{DA864C41-061E-49E9-8211-8D6E73E779A9} = {D6447E9F-C3FD-46FB-A165-D82A1AF64B39}
		{239319E0-CDD7-47B2-803E-A02A90105633} = {D6447E9F-C3FD-46FB-A165-D82A1AF64B39}
		{8D490F95-32CB-4211-8FAA-B161AF6AFC92} = {EEB993DB-3DC1-44DF-8101-AA1C5E9D7D5B}
		{796F1C4C-CA14-4B59-8407-AA5219F9AEAB} = {1FF28EA6-92BD-4EF9-8AA1-341ADD7D8A53}
		{2CEFAD63-BA9B-47CA-9D67-E2BD4125B447} = {1FF28EA6-92BD-4EF9-8AA1-341ADD7D8A53}
		{C17E2D3D-65EF-46EF-81B4-671583139926} = {1FF28EA6-92BD-4EF9-8AA1-341ADD7D8A53}
	EndGlobalSection
	GlobalSection(ProjectConfigurationPlatforms) = postSolution
		{2D4AB671-897F-44E3-9633-7658746A9FE0}.Debug|Any CPU.ActiveCfg = Debug|Any CPU
		{2D4AB671-897F-44E3-9633-7658746A9FE0}.Debug|Any CPU.Build.0 = Debug|Any CPU
		{2D4AB671-897F-44E3-9633-7658746A9FE0}.Release|Any CPU.ActiveCfg = Release|Any CPU
		{2D4AB671-897F-44E3-9633-7658746A9FE0}.Release|Any CPU.Build.0 = Release|Any CPU
		{5D470C34-5484-4500-BF6F-C8835D14E5E1}.Debug|Any CPU.ActiveCfg = Debug|Any CPU
		{5D470C34-5484-4500-BF6F-C8835D14E5E1}.Debug|Any CPU.Build.0 = Debug|Any CPU
		{5D470C34-5484-4500-BF6F-C8835D14E5E1}.Release|Any CPU.ActiveCfg = Release|Any CPU
		{5D470C34-5484-4500-BF6F-C8835D14E5E1}.Release|Any CPU.Build.0 = Release|Any CPU
		{7949C9EF-0DA1-4C4B-831E-EC65787921D2}.Debug|Any CPU.ActiveCfg = Debug|Any CPU
		{7949C9EF-0DA1-4C4B-831E-EC65787921D2}.Debug|Any CPU.Build.0 = Debug|Any CPU
		{7949C9EF-0DA1-4C4B-831E-EC65787921D2}.Release|Any CPU.ActiveCfg = Release|Any CPU
		{7949C9EF-0DA1-4C4B-831E-EC65787921D2}.Release|Any CPU.Build.0 = Release|Any CPU
		{DA864C41-061E-49E9-8211-8D6E73E779A9}.Debug|Any CPU.ActiveCfg = Debug|Any CPU
		{DA864C41-061E-49E9-8211-8D6E73E779A9}.Debug|Any CPU.Build.0 = Debug|Any CPU
		{DA864C41-061E-49E9-8211-8D6E73E779A9}.Release|Any CPU.ActiveCfg = Release|Any CPU
		{DA864C41-061E-49E9-8211-8D6E73E779A9}.Release|Any CPU.Build.0 = Release|Any CPU
		{239319E0-CDD7-47B2-803E-A02A90105633}.Debug|Any CPU.ActiveCfg = Debug|Any CPU
		{239319E0-CDD7-47B2-803E-A02A90105633}.Debug|Any CPU.Build.0 = Debug|Any CPU
		{239319E0-CDD7-47B2-803E-A02A90105633}.Release|Any CPU.ActiveCfg = Release|Any CPU
		{239319E0-CDD7-47B2-803E-A02A90105633}.Release|Any CPU.Build.0 = Release|Any CPU
		{8D490F95-32CB-4211-8FAA-B161AF6AFC92}.Debug|Any CPU.ActiveCfg = Debug|Any CPU
		{8D490F95-32CB-4211-8FAA-B161AF6AFC92}.Debug|Any CPU.Build.0 = Debug|Any CPU
		{8D490F95-32CB-4211-8FAA-B161AF6AFC92}.Release|Any CPU.ActiveCfg = Release|Any CPU
		{8D490F95-32CB-4211-8FAA-B161AF6AFC92}.Release|Any CPU.Build.0 = Release|Any CPU
		{796F1C4C-CA14-4B59-8407-AA5219F9AEAB}.Debug|Any CPU.ActiveCfg = Debug|Any CPU
		{796F1C4C-CA14-4B59-8407-AA5219F9AEAB}.Debug|Any CPU.Build.0 = Debug|Any CPU
		{796F1C4C-CA14-4B59-8407-AA5219F9AEAB}.Release|Any CPU.ActiveCfg = Release|Any CPU
		{796F1C4C-CA14-4B59-8407-AA5219F9AEAB}.Release|Any CPU.Build.0 = Release|Any CPU
		{2CEFAD63-BA9B-47CA-9D67-E2BD4125B447}.Debug|Any CPU.ActiveCfg = Debug|Any CPU
		{2CEFAD63-BA9B-47CA-9D67-E2BD4125B447}.Debug|Any CPU.Build.0 = Debug|Any CPU
		{2CEFAD63-BA9B-47CA-9D67-E2BD4125B447}.Release|Any CPU.ActiveCfg = Release|Any CPU
		{2CEFAD63-BA9B-47CA-9D67-E2BD4125B447}.Release|Any CPU.Build.0 = Release|Any CPU
		{C17E2D3D-65EF-46EF-81B4-671583139926}.Debug|Any CPU.ActiveCfg = Debug|Any CPU
		{C17E2D3D-65EF-46EF-81B4-671583139926}.Debug|Any CPU.Build.0 = Debug|Any CPU
		{C17E2D3D-65EF-46EF-81B4-671583139926}.Release|Any CPU.ActiveCfg = Release|Any CPU
		{C17E2D3D-65EF-46EF-81B4-671583139926}.Release|Any CPU.Build.0 = Release|Any CPU
	EndGlobalSection
EndGlobal
